// !$*UTF8*$!
{
	archiveVersion = 1;
	classes = {
	};
	objectVersion = 50;
	objects = {

/* Begin PBXBuildFile section */
		7A47B759227371E0000AEE83 /* User.swift in Sources */ = {isa = PBXBuildFile; fileRef = 7A47B758227371E0000AEE83 /* User.swift */; };
		7A47B75C2273750E000AEE83 /* UserDefaults+Keys.swift in Sources */ = {isa = PBXBuildFile; fileRef = 7A47B75B2273750E000AEE83 /* UserDefaults+Keys.swift */; };
		7A47B75E22737891000AEE83 /* GoogleService-Info.plist in Resources */ = {isa = PBXBuildFile; fileRef = 7A47B75D22737891000AEE83 /* GoogleService-Info.plist */; };
		7A47B76322738207000AEE83 /* UserFile+Keys.swift in Sources */ = {isa = PBXBuildFile; fileRef = 7A47B76222738207000AEE83 /* UserFile+Keys.swift */; };
		7A47B76522741C98000AEE83 /* UserPreferences.swift in Sources */ = {isa = PBXBuildFile; fileRef = 7A47B76422741C98000AEE83 /* UserPreferences.swift */; };
		7A47B789227421B6000AEE83 /* Model.xcdatamodeld in Sources */ = {isa = PBXBuildFile; fileRef = 7A47B787227421B6000AEE83 /* Model.xcdatamodeld */; };
		7A47B78B22742211000AEE83 /* AddTripViewController.swift in Sources */ = {isa = PBXBuildFile; fileRef = 7A47B78A22742211000AEE83 /* AddTripViewController.swift */; };
		7A47B78D22742DE4000AEE83 /* CoreDataStack.swift in Sources */ = {isa = PBXBuildFile; fileRef = 7A47B78C22742DE4000AEE83 /* CoreDataStack.swift */; };
		7A9D7E91227356DD008390DE /* AppDelegate.swift in Sources */ = {isa = PBXBuildFile; fileRef = 7A9D7E90227356DD008390DE /* AppDelegate.swift */; };
		7A9D7E93227356DD008390DE /* TripsHomeViewController.swift in Sources */ = {isa = PBXBuildFile; fileRef = 7A9D7E92227356DD008390DE /* TripsHomeViewController.swift */; };
		7A9D7E98227356E0008390DE /* Assets.xcassets in Resources */ = {isa = PBXBuildFile; fileRef = 7A9D7E97227356E0008390DE /* Assets.xcassets */; };
		7A9D7E9B227356E0008390DE /* LaunchScreen.storyboard in Resources */ = {isa = PBXBuildFile; fileRef = 7A9D7E99227356E0008390DE /* LaunchScreen.storyboard */; };
		F337E3F95D33A0EBBC5F8843 /* Pods_TripPlanner.framework in Frameworks */ = {isa = PBXBuildFile; fileRef = C55D80D38E8E646636015B79 /* Pods_TripPlanner.framework */; };
/* End PBXBuildFile section */

/* Begin PBXFileReference section */
		72F61C70C6FC74E4794D4C2C /* Pods-TripPlanner.debug.xcconfig */ = {isa = PBXFileReference; includeInIndex = 1; lastKnownFileType = text.xcconfig; name = "Pods-TripPlanner.debug.xcconfig"; path = "Pods/Target Support Files/Pods-TripPlanner/Pods-TripPlanner.debug.xcconfig"; sourceTree = "<group>"; };
		7A47B758227371E0000AEE83 /* User.swift */ = {isa = PBXFileReference; lastKnownFileType = sourcecode.swift; path = User.swift; sourceTree = "<group>"; };
		7A47B75B2273750E000AEE83 /* UserDefaults+Keys.swift */ = {isa = PBXFileReference; lastKnownFileType = sourcecode.swift; path = "UserDefaults+Keys.swift"; sourceTree = "<group>"; };
		7A47B75D22737891000AEE83 /* GoogleService-Info.plist */ = {isa = PBXFileReference; fileEncoding = 4; lastKnownFileType = text.plist.xml; path = "GoogleService-Info.plist"; sourceTree = "<group>"; };
		7A47B76222738207000AEE83 /* UserFile+Keys.swift */ = {isa = PBXFileReference; lastKnownFileType = sourcecode.swift; path = "UserFile+Keys.swift"; sourceTree = "<group>"; };
		7A47B76422741C98000AEE83 /* UserPreferences.swift */ = {isa = PBXFileReference; lastKnownFileType = sourcecode.swift; path = UserPreferences.swift; sourceTree = "<group>"; };
		7A47B788227421B6000AEE83 /* Model.xcdatamodel */ = {isa = PBXFileReference; lastKnownFileType = wrapper.xcdatamodel; path = Model.xcdatamodel; sourceTree = "<group>"; };
		7A47B78A22742211000AEE83 /* AddTripViewController.swift */ = {isa = PBXFileReference; lastKnownFileType = sourcecode.swift; path = AddTripViewController.swift; sourceTree = "<group>"; };
		7A47B78C22742DE4000AEE83 /* CoreDataStack.swift */ = {isa = PBXFileReference; lastKnownFileType = sourcecode.swift; path = CoreDataStack.swift; sourceTree = "<group>"; };
		7A9D7E8D227356DD008390DE /* TripPlanner.app */ = {isa = PBXFileReference; explicitFileType = wrapper.application; includeInIndex = 0; path = TripPlanner.app; sourceTree = BUILT_PRODUCTS_DIR; };
		7A9D7E90227356DD008390DE /* AppDelegate.swift */ = {isa = PBXFileReference; lastKnownFileType = sourcecode.swift; path = AppDelegate.swift; sourceTree = "<group>"; };
		7A9D7E92227356DD008390DE /* TripsHomeViewController.swift */ = {isa = PBXFileReference; lastKnownFileType = sourcecode.swift; path = TripsHomeViewController.swift; sourceTree = "<group>"; };
		7A9D7E97227356E0008390DE /* Assets.xcassets */ = {isa = PBXFileReference; lastKnownFileType = folder.assetcatalog; path = Assets.xcassets; sourceTree = "<group>"; };
		7A9D7E9A227356E0008390DE /* Base */ = {isa = PBXFileReference; lastKnownFileType = file.storyboard; name = Base; path = Base.lproj/LaunchScreen.storyboard; sourceTree = "<group>"; };
		7A9D7E9C227356E0008390DE /* Info.plist */ = {isa = PBXFileReference; lastKnownFileType = text.plist.xml; path = Info.plist; sourceTree = "<group>"; };
		C55D80D38E8E646636015B79 /* Pods_TripPlanner.framework */ = {isa = PBXFileReference; explicitFileType = wrapper.framework; includeInIndex = 0; path = Pods_TripPlanner.framework; sourceTree = BUILT_PRODUCTS_DIR; };
		F8D84A783C748F0AA5898B20 /* Pods-TripPlanner.release.xcconfig */ = {isa = PBXFileReference; includeInIndex = 1; lastKnownFileType = text.xcconfig; name = "Pods-TripPlanner.release.xcconfig"; path = "Pods/Target Support Files/Pods-TripPlanner/Pods-TripPlanner.release.xcconfig"; sourceTree = "<group>"; };
/* End PBXFileReference section */

/* Begin PBXFrameworksBuildPhase section */
		7A9D7E8A227356DD008390DE /* Frameworks */ = {
			isa = PBXFrameworksBuildPhase;
			buildActionMask = 2147483647;
			files = (
				F337E3F95D33A0EBBC5F8843 /* Pods_TripPlanner.framework in Frameworks */,
			);
			runOnlyForDeploymentPostprocessing = 0;
		};
/* End PBXFrameworksBuildPhase section */

/* Begin PBXGroup section */
		41792AAED67467874B20E627 /* Frameworks */ = {
			isa = PBXGroup;
			children = (
				C55D80D38E8E646636015B79 /* Pods_TripPlanner.framework */,
			);
			name = Frameworks;
			sourceTree = "<group>";
		};
		7A47B755227371C8000AEE83 /* Model */ = {
			isa = PBXGroup;
			children = (
				7A47B758227371E0000AEE83 /* User.swift */,
				7A47B787227421B6000AEE83 /* Model.xcdatamodeld */,
			);
			path = Model;
			sourceTree = "<group>";
		};
		7A47B756227371CD000AEE83 /* Controller */ = {
			isa = PBXGroup;
			children = (
				7A9D7E92227356DD008390DE /* TripsHomeViewController.swift */,
				7A47B78A22742211000AEE83 /* AddTripViewController.swift */,
			);
			path = Controller;
			sourceTree = "<group>";
		};
		7A47B757227371D2000AEE83 /* View */ = {
			isa = PBXGroup;
			children = (
			);
			path = View;
			sourceTree = "<group>";
		};
		7A47B75A227374FE000AEE83 /* Keys */ = {
			isa = PBXGroup;
			children = (
				7A47B75B2273750E000AEE83 /* UserDefaults+Keys.swift */,
				7A47B76222738207000AEE83 /* UserFile+Keys.swift */,
			);
			path = Keys;
			sourceTree = "<group>";
		};
		7A47B75F22737B96000AEE83 /* Persistence */ = {
			isa = PBXGroup;
			children = (
				7A47B76422741C98000AEE83 /* UserPreferences.swift */,
				7A47B78C22742DE4000AEE83 /* CoreDataStack.swift */,
			);
			path = Persistence;
			sourceTree = "<group>";
		};
		7A9D7E84227356DD008390DE = {
			isa = PBXGroup;
			children = (
				7A9D7E8F227356DD008390DE /* TripPlanner */,
				7A9D7E8E227356DD008390DE /* Products */,
				C7828E911F2574963B64008F /* Pods */,
				41792AAED67467874B20E627 /* Frameworks */,
			);
			sourceTree = "<group>";
		};
		7A9D7E8E227356DD008390DE /* Products */ = {
			isa = PBXGroup;
			children = (
				7A9D7E8D227356DD008390DE /* TripPlanner.app */,
			);
			name = Products;
			sourceTree = "<group>";
		};
		7A9D7E8F227356DD008390DE /* TripPlanner */ = {
			isa = PBXGroup;
			children = (
				7A47B75F22737B96000AEE83 /* Persistence */,
				7A47B75D22737891000AEE83 /* GoogleService-Info.plist */,
				7A47B75A227374FE000AEE83 /* Keys */,
				7A47B757227371D2000AEE83 /* View */,
				7A47B756227371CD000AEE83 /* Controller */,
				7A47B755227371C8000AEE83 /* Model */,
				7A9D7E90227356DD008390DE /* AppDelegate.swift */,
				7A9D7E97227356E0008390DE /* Assets.xcassets */,
				7A9D7E99227356E0008390DE /* LaunchScreen.storyboard */,
				7A9D7E9C227356E0008390DE /* Info.plist */,
			);
			path = TripPlanner;
			sourceTree = "<group>";
		};
		C7828E911F2574963B64008F /* Pods */ = {
			isa = PBXGroup;
			children = (
				72F61C70C6FC74E4794D4C2C /* Pods-TripPlanner.debug.xcconfig */,
				F8D84A783C748F0AA5898B20 /* Pods-TripPlanner.release.xcconfig */,
			);
			name = Pods;
			sourceTree = "<group>";
		};
/* End PBXGroup section */

/* Begin PBXNativeTarget section */
		7A9D7E8C227356DD008390DE /* TripPlanner */ = {
			isa = PBXNativeTarget;
			buildConfigurationList = 7A9D7E9F227356E0008390DE /* Build configuration list for PBXNativeTarget "TripPlanner" */;
			buildPhases = (
				D6542CF1ADBCA74CAB260C53 /* [CP] Check Pods Manifest.lock */,
				7A9D7E89227356DD008390DE /* Sources */,
				7A9D7E8A227356DD008390DE /* Frameworks */,
				7A9D7E8B227356DD008390DE /* Resources */,
				84016BF8E416276D8674D1E3 /* [CP] Embed Pods Frameworks */,
				91950828E3CA3B0496BA759D /* [CP] Copy Pods Resources */,
				7A47B75422735E93000AEE83 /* ShellScript */,
			);
			buildRules = (
			);
			dependencies = (
			);
			name = TripPlanner;
			productName = TripPlanner;
			productReference = 7A9D7E8D227356DD008390DE /* TripPlanner.app */;
			productType = "com.apple.product-type.application";
		};
/* End PBXNativeTarget section */

/* Begin PBXProject section */
		7A9D7E85227356DD008390DE /* Project object */ = {
			isa = PBXProject;
			attributes = {
				LastSwiftUpdateCheck = 1010;
				LastUpgradeCheck = 1010;
				ORGANIZATIONNAME = "Noah Woodward";
				TargetAttributes = {
					7A9D7E8C227356DD008390DE = {
						CreatedOnToolsVersion = 10.1;
					};
				};
			};
			buildConfigurationList = 7A9D7E88227356DD008390DE /* Build configuration list for PBXProject "TripPlanner" */;
			compatibilityVersion = "Xcode 9.3";
			developmentRegion = en;
			hasScannedForEncodings = 0;
			knownRegions = (
				en,
				Base,
			);
			mainGroup = 7A9D7E84227356DD008390DE;
			productRefGroup = 7A9D7E8E227356DD008390DE /* Products */;
			projectDirPath = "";
			projectRoot = "";
			targets = (
				7A9D7E8C227356DD008390DE /* TripPlanner */,
			);
		};
/* End PBXProject section */

/* Begin PBXResourcesBuildPhase section */
		7A9D7E8B227356DD008390DE /* Resources */ = {
			isa = PBXResourcesBuildPhase;
			buildActionMask = 2147483647;
			files = (
				7A9D7E9B227356E0008390DE /* LaunchScreen.storyboard in Resources */,
				7A9D7E98227356E0008390DE /* Assets.xcassets in Resources */,
				7A47B75E22737891000AEE83 /* GoogleService-Info.plist in Resources */,
			);
			runOnlyForDeploymentPostprocessing = 0;
		};
/* End PBXResourcesBuildPhase section */

/* Begin PBXShellScriptBuildPhase section */
		7A47B75422735E93000AEE83 /* ShellScript */ = {
			isa = PBXShellScriptBuildPhase;
			buildActionMask = 2147483647;
			files = (
			);
			inputFileListPaths = (
			);
			inputPaths = (
			);
			outputFileListPaths = (
			);
			outputPaths = (
			);
			runOnlyForDeploymentPostprocessing = 0;
			shellPath = /bin/sh;
			shellScript = "${PODS_ROOT}/SwiftLint/swiftlint\n    \n";
		};
		84016BF8E416276D8674D1E3 /* [CP] Embed Pods Frameworks */ = {
			isa = PBXShellScriptBuildPhase;
			buildActionMask = 2147483647;
			files = (
			);
			inputFileListPaths = (
			);
			inputPaths = (
				"${SRCROOT}/Pods/Target Support Files/Pods-TripPlanner/Pods-TripPlanner-frameworks.sh",
				"${BUILT_PRODUCTS_DIR}/GoogleUtilities/GoogleUtilities.framework",
				"${BUILT_PRODUCTS_DIR}/nanopb/nanopb.framework",
			);
			name = "[CP] Embed Pods Frameworks";
			outputFileListPaths = (
			);
			outputPaths = (
				"${TARGET_BUILD_DIR}/${FRAMEWORKS_FOLDER_PATH}/GoogleUtilities.framework",
				"${TARGET_BUILD_DIR}/${FRAMEWORKS_FOLDER_PATH}/nanopb.framework",
			);
			runOnlyForDeploymentPostprocessing = 0;
			shellPath = /bin/sh;
			shellScript = "\"${SRCROOT}/Pods/Target Support Files/Pods-TripPlanner/Pods-TripPlanner-frameworks.sh\"\n";
			showEnvVarsInLog = 0;
		};
		91950828E3CA3B0496BA759D /* [CP] Copy Pods Resources */ = {
			isa = PBXShellScriptBuildPhase;
			buildActionMask = 2147483647;
			files = (
			);
			inputFileListPaths = (
			);
			inputPaths = (
			);
			name = "[CP] Copy Pods Resources";
			outputFileListPaths = (
			);
			outputPaths = (
			);
			runOnlyForDeploymentPostprocessing = 0;
			shellPath = /bin/sh;
			shellScript = "\"${SRCROOT}/Pods/Target Support Files/Pods-TripPlanner/Pods-TripPlanner-resources.sh\"\n";
			showEnvVarsInLog = 0;
		};
		D6542CF1ADBCA74CAB260C53 /* [CP] Check Pods Manifest.lock */ = {
			isa = PBXShellScriptBuildPhase;
			buildActionMask = 2147483647;
			files = (
			);
			inputFileListPaths = (
			);
			inputPaths = (
				"${PODS_PODFILE_DIR_PATH}/Podfile.lock",
				"${PODS_ROOT}/Manifest.lock",
			);
			name = "[CP] Check Pods Manifest.lock";
			outputFileListPaths = (
			);
			outputPaths = (
				"$(DERIVED_FILE_DIR)/Pods-TripPlanner-checkManifestLockResult.txt",
			);
			runOnlyForDeploymentPostprocessing = 0;
			shellPath = /bin/sh;
			shellScript = "diff \"${PODS_PODFILE_DIR_PATH}/Podfile.lock\" \"${PODS_ROOT}/Manifest.lock\" > /dev/null\nif [ $? != 0 ] ; then\n    # print error to STDERR\n    echo \"error: The sandbox is not in sync with the Podfile.lock. Run 'pod install' or update your CocoaPods installation.\" >&2\n    exit 1\nfi\n# This output is used by Xcode 'outputs' to avoid re-running this script phase.\necho \"SUCCESS\" > \"${SCRIPT_OUTPUT_FILE_0}\"\n";
			showEnvVarsInLog = 0;
		};
/* End PBXShellScriptBuildPhase section */

/* Begin PBXSourcesBuildPhase section */
		7A9D7E89227356DD008390DE /* Sources */ = {
			isa = PBXSourcesBuildPhase;
			buildActionMask = 2147483647;
			files = (
				7A47B75C2273750E000AEE83 /* UserDefaults+Keys.swift in Sources */,
				7A47B76522741C98000AEE83 /* UserPreferences.swift in Sources */,
				7A9D7E93227356DD008390DE /* TripsHomeViewController.swift in Sources */,
				7A47B78D22742DE4000AEE83 /* CoreDataStack.swift in Sources */,
				7A47B789227421B6000AEE83 /* Model.xcdatamodeld in Sources */,
				7A47B76322738207000AEE83 /* UserFile+Keys.swift in Sources */,
				7A47B78B22742211000AEE83 /* AddTripViewController.swift in Sources */,
				7A9D7E91227356DD008390DE /* AppDelegate.swift in Sources */,
				7A47B759227371E0000AEE83 /* User.swift in Sources */,
			);
			runOnlyForDeploymentPostprocessing = 0;
		};
/* End PBXSourcesBuildPhase section */

/* Begin PBXVariantGroup section */
		7A9D7E99227356E0008390DE /* LaunchScreen.storyboard */ = {
			isa = PBXVariantGroup;
			children = (
				7A9D7E9A227356E0008390DE /* Base */,
			);
			name = LaunchScreen.storyboard;
			sourceTree = "<group>";
		};
/* End PBXVariantGroup section */

/* Begin XCBuildConfiguration section */
		7A9D7E9D227356E0008390DE /* Debug */ = {
			isa = XCBuildConfiguration;
			buildSettings = {
				ALWAYS_SEARCH_USER_PATHS = NO;
				CLANG_ANALYZER_NONNULL = YES;
				CLANG_ANALYZER_NUMBER_OBJECT_CONVERSION = YES_AGGRESSIVE;
				CLANG_CXX_LANGUAGE_STANDARD = "gnu++14";
				CLANG_CXX_LIBRARY = "libc++";
				CLANG_ENABLE_MODULES = YES;
				CLANG_ENABLE_OBJC_ARC = YES;
				CLANG_ENABLE_OBJC_WEAK = YES;
				CLANG_WARN_BLOCK_CAPTURE_AUTORELEASING = YES;
				CLANG_WARN_BOOL_CONVERSION = YES;
				CLANG_WARN_COMMA = YES;
				CLANG_WARN_CONSTANT_CONVERSION = YES;
				CLANG_WARN_DEPRECATED_OBJC_IMPLEMENTATIONS = YES;
				CLANG_WARN_DIRECT_OBJC_ISA_USAGE = YES_ERROR;
				CLANG_WARN_DOCUMENTATION_COMMENTS = YES;
				CLANG_WARN_EMPTY_BODY = YES;
				CLANG_WARN_ENUM_CONVERSION = YES;
				CLANG_WARN_INFINITE_RECURSION = YES;
				CLANG_WARN_INT_CONVERSION = YES;
				CLANG_WARN_NON_LITERAL_NULL_CONVERSION = YES;
				CLANG_WARN_OBJC_IMPLICIT_RETAIN_SELF = YES;
				CLANG_WARN_OBJC_LITERAL_CONVERSION = YES;
				CLANG_WARN_OBJC_ROOT_CLASS = YES_ERROR;
				CLANG_WARN_RANGE_LOOP_ANALYSIS = YES;
				CLANG_WARN_STRICT_PROTOTYPES = YES;
				CLANG_WARN_SUSPICIOUS_MOVE = YES;
				CLANG_WARN_UNGUARDED_AVAILABILITY = YES_AGGRESSIVE;
				CLANG_WARN_UNREACHABLE_CODE = YES;
				CLANG_WARN__DUPLICATE_METHOD_MATCH = YES;
				CODE_SIGN_IDENTITY = "iPhone Developer";
				COPY_PHASE_STRIP = NO;
				DEBUG_INFORMATION_FORMAT = dwarf;
				ENABLE_STRICT_OBJC_MSGSEND = YES;
				ENABLE_TESTABILITY = YES;
				GCC_C_LANGUAGE_STANDARD = gnu11;
				GCC_DYNAMIC_NO_PIC = NO;
				GCC_NO_COMMON_BLOCKS = YES;
				GCC_OPTIMIZATION_LEVEL = 0;
				GCC_PREPROCESSOR_DEFINITIONS = (
					"DEBUG=1",
					"$(inherited)",
				);
				GCC_WARN_64_TO_32_BIT_CONVERSION = YES;
				GCC_WARN_ABOUT_RETURN_TYPE = YES_ERROR;
				GCC_WARN_UNDECLARED_SELECTOR = YES;
				GCC_WARN_UNINITIALIZED_AUTOS = YES_AGGRESSIVE;
				GCC_WARN_UNUSED_FUNCTION = YES;
				GCC_WARN_UNUSED_VARIABLE = YES;
				IPHONEOS_DEPLOYMENT_TARGET = 12.1;
				MTL_ENABLE_DEBUG_INFO = INCLUDE_SOURCE;
				MTL_FAST_MATH = YES;
				ONLY_ACTIVE_ARCH = YES;
				SDKROOT = iphoneos;
				SWIFT_ACTIVE_COMPILATION_CONDITIONS = DEBUG;
				SWIFT_OPTIMIZATION_LEVEL = "-Onone";
			};
			name = Debug;
		};
		7A9D7E9E227356E0008390DE /* Release */ = {
			isa = XCBuildConfiguration;
			buildSettings = {
				ALWAYS_SEARCH_USER_PATHS = NO;
				CLANG_ANALYZER_NONNULL = YES;
				CLANG_ANALYZER_NUMBER_OBJECT_CONVERSION = YES_AGGRESSIVE;
				CLANG_CXX_LANGUAGE_STANDARD = "gnu++14";
				CLANG_CXX_LIBRARY = "libc++";
				CLANG_ENABLE_MODULES = YES;
				CLANG_ENABLE_OBJC_ARC = YES;
				CLANG_ENABLE_OBJC_WEAK = YES;
				CLANG_WARN_BLOCK_CAPTURE_AUTORELEASING = YES;
				CLANG_WARN_BOOL_CONVERSION = YES;
				CLANG_WARN_COMMA = YES;
				CLANG_WARN_CONSTANT_CONVERSION = YES;
				CLANG_WARN_DEPRECATED_OBJC_IMPLEMENTATIONS = YES;
				CLANG_WARN_DIRECT_OBJC_ISA_USAGE = YES_ERROR;
				CLANG_WARN_DOCUMENTATION_COMMENTS = YES;
				CLANG_WARN_EMPTY_BODY = YES;
				CLANG_WARN_ENUM_CONVERSION = YES;
				CLANG_WARN_INFINITE_RECURSION = YES;
				CLANG_WARN_INT_CONVERSION = YES;
				CLANG_WARN_NON_LITERAL_NULL_CONVERSION = YES;
				CLANG_WARN_OBJC_IMPLICIT_RETAIN_SELF = YES;
				CLANG_WARN_OBJC_LITERAL_CONVERSION = YES;
				CLANG_WARN_OBJC_ROOT_CLASS = YES_ERROR;
				CLANG_WARN_RANGE_LOOP_ANALYSIS = YES;
				CLANG_WARN_STRICT_PROTOTYPES = YES;
				CLANG_WARN_SUSPICIOUS_MOVE = YES;
				CLANG_WARN_UNGUARDED_AVAILABILITY = YES_AGGRESSIVE;
				CLANG_WARN_UNREACHABLE_CODE = YES;
				CLANG_WARN__DUPLICATE_METHOD_MATCH = YES;
				CODE_SIGN_IDENTITY = "iPhone Developer";
				COPY_PHASE_STRIP = NO;
				DEBUG_INFORMATION_FORMAT = "dwarf-with-dsym";
				ENABLE_NS_ASSERTIONS = NO;
				ENABLE_STRICT_OBJC_MSGSEND = YES;
				GCC_C_LANGUAGE_STANDARD = gnu11;
				GCC_NO_COMMON_BLOCKS = YES;
				GCC_WARN_64_TO_32_BIT_CONVERSION = YES;
				GCC_WARN_ABOUT_RETURN_TYPE = YES_ERROR;
				GCC_WARN_UNDECLARED_SELECTOR = YES;
				GCC_WARN_UNINITIALIZED_AUTOS = YES_AGGRESSIVE;
				GCC_WARN_UNUSED_FUNCTION = YES;
				GCC_WARN_UNUSED_VARIABLE = YES;
				IPHONEOS_DEPLOYMENT_TARGET = 12.1;
				MTL_ENABLE_DEBUG_INFO = NO;
				MTL_FAST_MATH = YES;
				SDKROOT = iphoneos;
				SWIFT_COMPILATION_MODE = wholemodule;
				SWIFT_OPTIMIZATION_LEVEL = "-O";
				VALIDATE_PRODUCT = YES;
			};
			name = Release;
		};
		7A9D7EA0227356E0008390DE /* Debug */ = {
			isa = XCBuildConfiguration;
			baseConfigurationReference = 72F61C70C6FC74E4794D4C2C /* Pods-TripPlanner.debug.xcconfig */;
			buildSettings = {
				ASSETCATALOG_COMPILER_APPICON_NAME = AppIcon;
				CODE_SIGN_STYLE = Automatic;
				DEVELOPMENT_TEAM = QBGPXWFD5T;
				INFOPLIST_FILE = TripPlanner/Info.plist;
				LD_RUNPATH_SEARCH_PATHS = (
					"$(inherited)",
					"@executable_path/Frameworks",
				);
				PRODUCT_BUNDLE_IDENTIFIER = com.noahjwoodward.TripPlanner;
				PRODUCT_NAME = "$(TARGET_NAME)";
				SWIFT_VERSION = 4.2;
				TARGETED_DEVICE_FAMILY = "1,2";
			};
			name = Debug;
		};
		7A9D7EA1227356E0008390DE /* Release */ = {
			isa = XCBuildConfiguration;
			baseConfigurationReference = F8D84A783C748F0AA5898B20 /* Pods-TripPlanner.release.xcconfig */;
			buildSettings = {
				ASSETCATALOG_COMPILER_APPICON_NAME = AppIcon;
				CODE_SIGN_STYLE = Automatic;
				DEVELOPMENT_TEAM = QBGPXWFD5T;
				INFOPLIST_FILE = TripPlanner/Info.plist;
				LD_RUNPATH_SEARCH_PATHS = (
					"$(inherited)",
					"@executable_path/Frameworks",
				);
				PRODUCT_BUNDLE_IDENTIFIER = com.noahjwoodward.TripPlanner;
				PRODUCT_NAME = "$(TARGET_NAME)";
				SWIFT_VERSION = 4.2;
				TARGETED_DEVICE_FAMILY = "1,2";
			};
			name = Release;
		};
/* End XCBuildConfiguration section */

/* Begin XCConfigurationList section */
		7A9D7E88227356DD008390DE /* Build configuration list for PBXProject "TripPlanner" */ = {
			isa = XCConfigurationList;
			buildConfigurations = (
				7A9D7E9D227356E0008390DE /* Debug */,
				7A9D7E9E227356E0008390DE /* Release */,
			);
			defaultConfigurationIsVisible = 0;
			defaultConfigurationName = Release;
		};
		7A9D7E9F227356E0008390DE /* Build configuration list for PBXNativeTarget "TripPlanner" */ = {
			isa = XCConfigurationList;
			buildConfigurations = (
				7A9D7EA0227356E0008390DE /* Debug */,
				7A9D7EA1227356E0008390DE /* Release */,
			);
			defaultConfigurationIsVisible = 0;
			defaultConfigurationName = Release;
		};
/* End XCConfigurationList section */

/* Begin XCVersionGroup section */
		7A47B787227421B6000AEE83 /* Model.xcdatamodeld */ = {
			isa = XCVersionGroup;
			children = (
				7A47B788227421B6000AEE83 /* Model.xcdatamodel */,
			);
			currentVersion = 7A47B788227421B6000AEE83 /* Model.xcdatamodel */;
			path = Model.xcdatamodeld;
			sourceTree = "<group>";
			versionGroupType = wrapper.xcdatamodel;
		};
/* End XCVersionGroup section */
	};
	rootObject = 7A9D7E85227356DD008390DE /* Project object */;
}
